
Microsoft Visual Studio Solution File, Format Version 12.00
# Visual Studio Version 17
VisualStudioVersion = 17.7.34031.279
MinimumVisualStudioVersion = 10.0.40219.1
Project("{9A19103F-16F7-4668-BE54-9A1E7A4F7556}") = "ContactManager", "ContactManager\ContactManager.csproj", "{995C2571-60B8-4172-B40D-787B87384017}"
EndProject
Project("{9A19103F-16F7-4668-BE54-9A1E7A4F7556}") = "ContactManager.Domain", "ContactManager.Domain\ContactManager.Domain.csproj", "{F5320F85-CFBA-4558-9F23-1390A2FF6E6E}"
EndProject
Project("{9A19103F-16F7-4668-BE54-9A1E7A4F7556}") = "ContactManager.Infrastructure", "ContactManager.Infrastructure\ContactManager.Infrastructure.csproj", "{CC030754-8475-4E33-9E83-2E54E47CF421}"
EndProject
Project("{9A19103F-16F7-4668-BE54-9A1E7A4F7556}") = "ContactManager.AppLogic", "ContactManager.AppLogic\ContactManager.AppLogic.csproj", "{3E5E6BD4-9A4B-4EE3-9D3C-D5C1240F5E06}"
EndProject
Project("{9A19103F-16F7-4668-BE54-9A1E7A4F7556}") = "ContactManager.Tests", "ContactManager.Tests\ContactManager.Tests.csproj", "{30F5F2C4-00A0-4447-8B5B-E959D6F19D6D}"
EndProject
Global
	GlobalSection(SolutionConfigurationPlatforms) = preSolution
		Debug|Any CPU = Debug|Any CPU
		Release|Any CPU = Release|Any CPU
	EndGlobalSection
	GlobalSection(ProjectConfigurationPlatforms) = postSolution
		{995C2571-60B8-4172-B40D-787B87384017}.Debug|Any CPU.ActiveCfg = Debug|Any CPU
		{995C2571-60B8-4172-B40D-787B87384017}.Debug|Any CPU.Build.0 = Debug|Any CPU
		{995C2571-60B8-4172-B40D-787B87384017}.Release|Any CPU.ActiveCfg = Release|Any CPU
		{995C2571-60B8-4172-B40D-787B87384017}.Release|Any CPU.Build.0 = Release|Any CPU
		{F5320F85-CFBA-4558-9F23-1390A2FF6E6E}.Debug|Any CPU.ActiveCfg = Debug|Any CPU
		{F5320F85-CFBA-4558-9F23-1390A2FF6E6E}.Debug|Any CPU.Build.0 = Debug|Any CPU
		{F5320F85-CFBA-4558-9F23-1390A2FF6E6E}.Release|Any CPU.ActiveCfg = Release|Any CPU
		{F5320F85-CFBA-4558-9F23-1390A2FF6E6E}.Release|Any CPU.Build.0 = Release|Any CPU
		{CC030754-8475-4E33-9E83-2E54E47CF421}.Debug|Any CPU.ActiveCfg = Debug|Any CPU
		{CC030754-8475-4E33-9E83-2E54E47CF421}.Debug|Any CPU.Build.0 = Debug|Any CPU
		{CC030754-8475-4E33-9E83-2E54E47CF421}.Release|Any CPU.ActiveCfg = Release|Any CPU
		{CC030754-8475-4E33-9E83-2E54E47CF421}.Release|Any CPU.Build.0 = Release|Any CPU
		{3E5E6BD4-9A4B-4EE3-9D3C-D5C1240F5E06}.Debug|Any CPU.ActiveCfg = Debug|Any CPU
		{3E5E6BD4-9A4B-4EE3-9D3C-D5C1240F5E06}.Debug|Any CPU.Build.0 = Debug|Any CPU
		{3E5E6BD4-9A4B-4EE3-9D3C-D5C1240F5E06}.Release|Any CPU.ActiveCfg = Release|Any CPU
		{3E5E6BD4-9A4B-4EE3-9D3C-D5C1240F5E06}.Release|Any CPU.Build.0 = Release|Any CPU
		{30F5F2C4-00A0-4447-8B5B-E959D6F19D6D}.Debug|Any CPU.ActiveCfg = Debug|Any CPU
		{30F5F2C4-00A0-4447-8B5B-E959D6F19D6D}.Debug|Any CPU.Build.0 = Debug|Any CPU
		{30F5F2C4-00A0-4447-8B5B-E959D6F19D6D}.Release|Any CPU.ActiveCfg = Release|Any CPU
		{30F5F2C4-00A0-4447-8B5B-E959D6F19D6D}.Release|Any CPU.Build.0 = Release|Any CPU
	EndGlobalSection
	GlobalSection(SolutionProperties) = preSolution
		HideSolutionNode = FALSE
	EndGlobalSection
	GlobalSection(ExtensibilityGlobals) = postSolution
		SolutionGuid = {FD21958F-637B-4D83-AA70-4FEDCB06ADDF}
	EndGlobalSection
EndGlobal
