
Microsoft Visual Studio Solution File, Format Version 12.00
# Visual Studio Version 17
VisualStudioVersion = 17.7.34024.191
MinimumVisualStudioVersion = 10.0.40219.1
Project("{9A19103F-16F7-4668-BE54-9A1E7A4F7556}") = "QuizApplication.Web", "QuizApplication.Web\QuizApplication.Web.csproj", "{86238971-F6F8-47AB-B2E1-17B8344B84ED}"
EndProject
Project("{9A19103F-16F7-4668-BE54-9A1E7A4F7556}") = "QuizApplication.AppLogic", "QuizApplication.AppLogic\QuizApplication.AppLogic.csproj", "{CA1D773B-4DBE-4300-BDDA-4FF0E16E201B}"
EndProject
Project("{9A19103F-16F7-4668-BE54-9A1E7A4F7556}") = "QuizApplication.Domain", "QuizApplication.Domain\QuizApplication.Domain.csproj", "{2060FD65-C113-4CF4-9D75-A4489283EC7C}"
EndProject
Project("{9A19103F-16F7-4668-BE54-9A1E7A4F7556}") = "QuizApplication.Infrastructure", "QuizApplication.Infrastructure\QuizApplication.Infrastructure.csproj", "{F87A9640-7CCA-46B3-BFB4-9C0E896DB022}"
EndProject
Project("{FAE04EC0-301F-11D3-BF4B-00C04F79EFBC}") = "QuizApplication.Tests", "QuizApplication.Tests\QuizApplication.Tests.csproj", "{375F247A-1929-4A1A-B8A6-67666E9EB4E2}"
EndProject
Global
	GlobalSection(SolutionConfigurationPlatforms) = preSolution
		Debug|Any CPU = Debug|Any CPU
		Release|Any CPU = Release|Any CPU
	EndGlobalSection
	GlobalSection(ProjectConfigurationPlatforms) = postSolution
		{86238971-F6F8-47AB-B2E1-17B8344B84ED}.Debug|Any CPU.ActiveCfg = Debug|Any CPU
		{86238971-F6F8-47AB-B2E1-17B8344B84ED}.Debug|Any CPU.Build.0 = Debug|Any CPU
		{86238971-F6F8-47AB-B2E1-17B8344B84ED}.Release|Any CPU.ActiveCfg = Release|Any CPU
		{86238971-F6F8-47AB-B2E1-17B8344B84ED}.Release|Any CPU.Build.0 = Release|Any CPU
		{CA1D773B-4DBE-4300-BDDA-4FF0E16E201B}.Debug|Any CPU.ActiveCfg = Debug|Any CPU
		{CA1D773B-4DBE-4300-BDDA-4FF0E16E201B}.Debug|Any CPU.Build.0 = Debug|Any CPU
		{CA1D773B-4DBE-4300-BDDA-4FF0E16E201B}.Release|Any CPU.ActiveCfg = Release|Any CPU
		{CA1D773B-4DBE-4300-BDDA-4FF0E16E201B}.Release|Any CPU.Build.0 = Release|Any CPU
		{2060FD65-C113-4CF4-9D75-A4489283EC7C}.Debug|Any CPU.ActiveCfg = Debug|Any CPU
		{2060FD65-C113-4CF4-9D75-A4489283EC7C}.Debug|Any CPU.Build.0 = Debug|Any CPU
		{2060FD65-C113-4CF4-9D75-A4489283EC7C}.Release|Any CPU.ActiveCfg = Release|Any CPU
		{2060FD65-C113-4CF4-9D75-A4489283EC7C}.Release|Any CPU.Build.0 = Release|Any CPU
		{F87A9640-7CCA-46B3-BFB4-9C0E896DB022}.Debug|Any CPU.ActiveCfg = Debug|Any CPU
		{F87A9640-7CCA-46B3-BFB4-9C0E896DB022}.Debug|Any CPU.Build.0 = Debug|Any CPU
		{F87A9640-7CCA-46B3-BFB4-9C0E896DB022}.Release|Any CPU.ActiveCfg = Release|Any CPU
		{F87A9640-7CCA-46B3-BFB4-9C0E896DB022}.Release|Any CPU.Build.0 = Release|Any CPU
		{375F247A-1929-4A1A-B8A6-67666E9EB4E2}.Debug|Any CPU.ActiveCfg = Debug|Any CPU
		{375F247A-1929-4A1A-B8A6-67666E9EB4E2}.Debug|Any CPU.Build.0 = Debug|Any CPU
		{375F247A-1929-4A1A-B8A6-67666E9EB4E2}.Release|Any CPU.ActiveCfg = Release|Any CPU
		{375F247A-1929-4A1A-B8A6-67666E9EB4E2}.Release|Any CPU.Build.0 = Release|Any CPU
	EndGlobalSection
	GlobalSection(SolutionProperties) = preSolution
		HideSolutionNode = FALSE
	EndGlobalSection
	GlobalSection(ExtensibilityGlobals) = postSolution
		SolutionGuid = {F88E1308-9F92-4C03-AD18-09420F42CE9E}
	EndGlobalSection
EndGlobal
