
Microsoft Visual Studio Solution File, Format Version 12.00
# Visual Studio Version 17
VisualStudioVersion = 17.7.34031.279
MinimumVisualStudioVersion = 10.0.40219.1
Project("{9A19103F-16F7-4668-BE54-9A1E7A4F7556}") = "RomanNumberConverterApp.Ui", "RomanNumberConverterApp.Ui\RomanNumberConverterApp.Ui.csproj", "{EF89649A-77E2-4BCA-A493-3A4531C8651B}"
EndProject
Project("{FAE04EC0-301F-11D3-BF4B-00C04F79EFBC}") = "RomanNumberConverterApp.Ui.Tests", "RomanNumberConverterApp.Ui.Tests\RomanNumberConverterApp.Ui.Tests.csproj", "{6F209802-481B-4666-9896-4A4A52F9E6B6}"
EndProject
Project("{FAE04EC0-301F-11D3-BF4B-00C04F79EFBC}") = "Guts.Tests", "Guts.Tests\Guts.Tests.csproj", "{1BF7E27A-37EA-49D0-A5B1-75160E69103B}"
EndProject
Global
	GlobalSection(SolutionConfigurationPlatforms) = preSolution
		Debug|Any CPU = Debug|Any CPU
		Release|Any CPU = Release|Any CPU
	EndGlobalSection
	GlobalSection(ProjectConfigurationPlatforms) = postSolution
		{EF89649A-77E2-4BCA-A493-3A4531C8651B}.Debug|Any CPU.ActiveCfg = Debug|Any CPU
		{EF89649A-77E2-4BCA-A493-3A4531C8651B}.Debug|Any CPU.Build.0 = Debug|Any CPU
		{EF89649A-77E2-4BCA-A493-3A4531C8651B}.Release|Any CPU.ActiveCfg = Release|Any CPU
		{EF89649A-77E2-4BCA-A493-3A4531C8651B}.Release|Any CPU.Build.0 = Release|Any CPU
		{6F209802-481B-4666-9896-4A4A52F9E6B6}.Debug|Any CPU.ActiveCfg = Debug|Any CPU
		{6F209802-481B-4666-9896-4A4A52F9E6B6}.Debug|Any CPU.Build.0 = Debug|Any CPU
		{6F209802-481B-4666-9896-4A4A52F9E6B6}.Release|Any CPU.ActiveCfg = Release|Any CPU
		{6F209802-481B-4666-9896-4A4A52F9E6B6}.Release|Any CPU.Build.0 = Release|Any CPU
		{1BF7E27A-37EA-49D0-A5B1-75160E69103B}.Debug|Any CPU.ActiveCfg = Debug|Any CPU
		{1BF7E27A-37EA-49D0-A5B1-75160E69103B}.Debug|Any CPU.Build.0 = Debug|Any CPU
		{1BF7E27A-37EA-49D0-A5B1-75160E69103B}.Release|Any CPU.ActiveCfg = Release|Any CPU
		{1BF7E27A-37EA-49D0-A5B1-75160E69103B}.Release|Any CPU.Build.0 = Release|Any CPU
	EndGlobalSection
	GlobalSection(SolutionProperties) = preSolution
		HideSolutionNode = FALSE
	EndGlobalSection
	GlobalSection(ExtensibilityGlobals) = postSolution
		SolutionGuid = {50A1458D-E74E-4FAF-9149-DA886074D78D}
	EndGlobalSection
EndGlobal
